<?xml version="1.0" encoding="utf-8"?>
<Project ToolsVersion="4.0" xmlns="http://schemas.microsoft.com/developer/msbuild/2003">
  <ItemGroup>
    <Filter Include="Source Files">
      <UniqueIdentifier>{4FC737F1-C7A5-4376-A066-2A32D752A2FF}</UniqueIdentifier>
      <Extensions>cpp;c;cc;cxx;c++;cppm;ixx;def;odl;idl;hpj;bat;asm;asmx</Extensions>
    </Filter>
    <Filter Include="Header Files">
      <UniqueIdentifier>{93995380-89BD-4b04-88EB-625FBE52EBFB}</UniqueIdentifier>
      <Extensions>h;hh;hpp;hxx;h++;hm;inl;inc;ipp;xsd</Extensions>
    </Filter>
    <Filter Include="Resource Files">
      <UniqueIdentifier>{67DA6AB6-F800-4c08-8B7A-83BB121AAD01}</UniqueIdentifier>
      <Extensions>rc;ico;cur;bmp;dlg;rc2;rct;bin;rgs;gif;jpg;jpeg;jpe;resx;tiff;tif;png;wav;mfcribbon-ms</Extensions>
    </Filter>
  </ItemGroup>
  <ItemGroup>
    <ClInclude Include="corex\console.hpp">
      <Filter>Header Files</Filter>
    </ClInclude>
    <ClInclude Include="corex\corex.hpp">
      <Filter>Header Files</Filter>
    </ClInclude>
    <ClInclude Include="corex\fileio.hpp">
      <Filter>Header Files</Filter>
    </ClInclude>
    <ClInclude Include="corex\math.hpp">
      <Filter>Header Files</Filter>
    </ClInclude>
    <ClInclude Include="corex\serialize.hpp">
      <Filter>Header Files</Filter>
    </ClInclude>
    <ClInclude Include="corex\encrypt.hpp">
      <Filter>Header Files</Filter>
    </ClInclude>
    <ClInclude Include="corex\matrix.hpp">
      <Filter>Header Files</Filter>
    </ClInclude>
    <ClInclude Include="corex\function.hpp">
      <Filter>Header Files</Filter>
    </ClInclude>
    <ClInclude Include="corex\vector.hpp">
      <Filter>Header Files</Filter>
    </ClInclude>
    <ClInclude Include="corex\type.hpp">
      <Filter>Header Files</Filter>
    </ClInclude>
    <ClInclude Include="corex\hierarchy.hpp">
      <Filter>Header Files</Filter>
    </ClInclude>
    <ClInclude Include="corex\glfw\glfw.h">
      <Filter>Header Files</Filter>
    </ClInclude>
    <ClInclude Include="corex\config.hpp">
      <Filter>Header Files</Filter>
    </ClInclude>
    <ClInclude Include="corex\config_default.hpp">
      <Filter>Header Files</Filter>
    </ClInclude>
    <ClInclude Include="corex\glew\glew.h">
      <Filter>Header Files</Filter>
    </ClInclude>
    <ClInclude Include="corex\imgui\imgui.h">
      <Filter>Header Files</Filter>
    </ClInclude>
  </ItemGroup>
  <ItemGroup>
    <ClCompile Include="Demo.cpp">
      <Filter>Source Files</Filter>
    </ClCompile>
    <ClCompile Include="corex\glfw\glfw.cpp">
      <Filter>Source Files</Filter>
    </ClCompile>
    <ClCompile Include="corex\glew\glew.cpp">
      <Filter>Source Files</Filter>
    </ClCompile>
    <ClCompile Include="corex\imgui\imgui_glfw_glew.cpp">
      <Filter>Source Files</Filter>
    </ClCompile>
    <ClCompile Include="corex\imgui\ImGui\imgui.cpp">
      <Filter>Source Files</Filter>
    </ClCompile>
    <ClCompile Include="corex\imgui\ImGui\imgui_draw.cpp">
      <Filter>Source Files</Filter>
    </ClCompile>
    <ClCompile Include="corex\imgui\ImGui\imgui_impl_glfw.cpp">
      <Filter>Source Files</Filter>
    </ClCompile>
    <ClCompile Include="corex\imgui\ImGui\imgui_impl_opengl3.cpp">
      <Filter>Source Files</Filter>
    </ClCompile>
    <ClCompile Include="corex\imgui\ImGui\imgui_tables.cpp">
      <Filter>Source Files</Filter>
    </ClCompile>
    <ClCompile Include="corex\imgui\ImGui\imgui_widgets.cpp">
      <Filter>Source Files</Filter>
    </ClCompile>
  </ItemGroup>
</Project>